// !$*UTF8*$!
{
	archiveVersion = 1;
	classes = {
	};
	objectVersion = 46;
	objects = {

/* Begin PBXBuildFile section */
		DD748C811D909A1200434880 /* AppDelegate.swift in Sources */ = {isa = PBXBuildFile; fileRef = DD748C801D909A1200434880 /* AppDelegate.swift */; };
		DD748C831D909A1200434880 /* ViewController.swift in Sources */ = {isa = PBXBuildFile; fileRef = DD748C821D909A1200434880 /* ViewController.swift */; };
		DD748C861D909A1200434880 /* Main.storyboard in Resources */ = {isa = PBXBuildFile; fileRef = DD748C841D909A1200434880 /* Main.storyboard */; };
		DD748C881D909A1200434880 /* Assets.xcassets in Resources */ = {isa = PBXBuildFile; fileRef = DD748C871D909A1200434880 /* Assets.xcassets */; };
		DD748C8B1D909A1200434880 /* LaunchScreen.storyboard in Resources */ = {isa = PBXBuildFile; fileRef = DD748C891D909A1200434880 /* LaunchScreen.storyboard */; };
/* End PBXBuildFile section */

/* Begin PBXFileReference section */
		DD748C7D1D909A1200434880 /* Social-Labs.app */ = {isa = PBXFileReference; explicitFileType = wrapper.application; includeInIndex = 0; path = "Social-Labs.app"; sourceTree = BUILT_PRODUCTS_DIR; };
		DD748C801D909A1200434880 /* AppDelegate.swift */ = {isa = PBXFileReference; lastKnownFileType = sourcecode.swift; path = AppDelegate.swift; sourceTree = "<group>"; };
		DD748C821D909A1200434880 /* ViewController.swift */ = {isa = PBXFileReference; lastKnownFileType = sourcecode.swift; path = ViewController.swift; sourceTree = "<group>"; };
		DD748C851D909A1200434880 /* Base */ = {isa = PBXFileReference; lastKnownFileType = file.storyboard; name = Base; path = Base.lproj/Main.storyboard; sourceTree = "<group>"; };
		DD748C871D909A1200434880 /* Assets.xcassets */ = {isa = PBXFileReference; lastKnownFileType = folder.assetcatalog; path = Assets.xcassets; sourceTree = "<group>"; };
		DD748C8A1D909A1200434880 /* Base */ = {isa = PBXFileReference; lastKnownFileType = file.storyboard; name = Base; path = Base.lproj/LaunchScreen.storyboard; sourceTree = "<group>"; };
		DD748C8C1D909A1200434880 /* Info.plist */ = {isa = PBXFileReference; lastKnownFileType = text.plist.xml; path = Info.plist; sourceTree = "<group>"; };
/* End PBXFileReference section */

/* Begin PBXFrameworksBuildPhase section */
		DD748C7A1D909A1100434880 /* Frameworks */ = {
			isa = PBXFrameworksBuildPhase;
			buildActionMask = 2147483647;
			files = (
			);
			runOnlyForDeploymentPostprocessing = 0;
		};
/* End PBXFrameworksBuildPhase section */

/* Begin PBXGroup section */
		DD748C741D909A1100434880 = {
			isa = PBXGroup;
			children = (
				DD748C7F1D909A1200434880 /* Social-Labs */,
				DD748C7E1D909A1200434880 /* Products */,
			);
			sourceTree = "<group>";
		};
		DD748C7E1D909A1200434880 /* Products */ = {
			isa = PBXGroup;
			children = (
				DD748C7D1D909A1200434880 /* Social-Labs.app */,
			);
			name = Products;
			sourceTree = "<group>";
		};
		DD748C7F1D909A1200434880 /* Social-Labs */ = {
			isa = PBXGroup;
			children = (
				DD748C801D909A1200434880 /* AppDelegate.swift */,
				DD748C821D909A1200434880 /* ViewController.swift */,
				DD748C841D909A1200434880 /* Main.storyboard */,
				DD748C871D909A1200434880 /* Assets.xcassets */,
				DD748C891D909A1200434880 /* LaunchScreen.storyboard */,
				DD748C8C1D909A1200434880 /* Info.plist */,
			);
			path = "Social-Labs";
			sourceTree = "<group>";
		};
/* End PBXGroup section */

/* Begin PBXNativeTarget section */
		DD748C7C1D909A1100434880 /* Social-Labs */ = {
			isa = PBXNativeTarget;
			buildConfigurationList = DD748C8F1D909A1200434880 /* Build configuration list for PBXNativeTarget "Social-Labs" */;
			buildPhases = (
				DD748C791D909A1100434880 /* Sources */,
				DD748C7A1D909A1100434880 /* Frameworks */,
				DD748C7B1D909A1100434880 /* Resources */,
			);
			buildRules = (
			);
			dependencies = (
			);
			name = "Social-Labs";
			productName = "Social-Labs";
			productReference = DD748C7D1D909A1200434880 /* Social-Labs.app */;
			productType = "com.apple.product-type.application";
		};
/* End PBXNativeTarget section */

/* Begin PBXProject section */
		DD748C751D909A1100434880 /* Project object */ = {
			isa = PBXProject;
			attributes = {
				LastSwiftUpdateCheck = 0800;
				LastUpgradeCheck = 0800;
				ORGANIZATIONNAME = KikrLabs;
				TargetAttributes = {
					DD748C7C1D909A1100434880 = {
						CreatedOnToolsVersion = 8.0;
						ProvisioningStyle = Automatic;
					};
				};
			};
			buildConfigurationList = DD748C781D909A1100434880 /* Build configuration list for PBXProject "Social-Labs" */;
			compatibilityVersion = "Xcode 3.2";
			developmentRegion = English;
			hasScannedForEncodings = 0;
			knownRegions = (
				en,
				Base,
			);
			mainGroup = DD748C741D909A1100434880;
			productRefGroup = DD748C7E1D909A1200434880 /* Products */;
			projectDirPath = "";
			projectRoot = "";
			targets = (
				DD748C7C1D909A1100434880 /* Social-Labs */,
			);
		};
/* End PBXProject section */

/* Begin PBXResourcesBuildPhase section */
		DD748C7B1D909A1100434880 /* Resources */ = {
			isa = PBXResourcesBuildPhase;
			buildActionMask = 2147483647;
			files = (
				DD748C8B1D909A1200434880 /* LaunchScreen.storyboard in Resources */,
				DD748C881D909A1200434880 /* Assets.xcassets in Resources */,
				DD748C861D909A1200434880 /* Main.storyboard in Resources */,
			);
			runOnlyForDeploymentPostprocessing = 0;
		};
/* End PBXResourcesBuildPhase section */

/* Begin PBXSourcesBuildPhase section */
		DD748C791D909A1100434880 /* Sources */ = {
			isa = PBXSourcesBuildPhase;
			buildActionMask = 2147483647;
			files = (
				DD748C831D909A1200434880 /* ViewController.swift in Sources */,
				DD748C811D909A1200434880 /* AppDelegate.swift in Sources */,
			);
			runOnlyForDeploymentPostprocessing = 0;
		};
/* End PBXSourcesBuildPhase section */

/* Begin PBXVariantGroup section */
		DD748C841D909A1200434880 /* Main.storyboard */ = {
			isa = PBXVariantGroup;
			children = (
				DD748C851D909A1200434880 /* Base */,
			);
			name = Main.storyboard;
			sourceTree = "<group>";
		};
		DD748C891D909A1200434880 /* LaunchScreen.storyboard */ = {
			isa = PBXVariantGroup;
			children = (
				DD748C8A1D909A1200434880 /* Base */,
			);
			name = LaunchScreen.storyboard;
			sourceTree = "<group>";
		};
/* End PBXVariantGroup section */

/* Begin XCBuildConfiguration section */
		DD748C8D1D909A1200434880 /* Debug */ = {
			isa = XCBuildConfiguration;
			buildSettings = {
				ALWAYS_SEARCH_USER_PATHS = NO;
				CLANG_ANALYZER_NONNULL = YES;
				CLANG_CXX_LANGUAGE_STANDARD = "gnu++0x";
				CLANG_CXX_LIBRARY = "libc++";
				CLANG_ENABLE_MODULES = YES;
				CLANG_ENABLE_OBJC_ARC = YES;
				CLANG_WARN_BOOL_CONVERSION = YES;
				CLANG_WARN_CONSTANT_CONVERSION = YES;
				CLANG_WARN_DIRECT_OBJC_ISA_USAGE = YES_ERROR;
				CLANG_WARN_DOCUMENTATION_COMMENTS = YES;
				CLANG_WARN_EMPTY_BODY = YES;
				CLANG_WARN_ENUM_CONVERSION = YES;
				CLANG_WARN_INFINITE_RECURSION = YES;
				CLANG_WARN_INT_CONVERSION = YES;
				CLANG_WARN_OBJC_ROOT_CLASS = YES_ERROR;
				CLANG_WARN_SUSPICIOUS_MOVES = YES;
				CLANG_WARN_UNREACHABLE_CODE = YES;
				CLANG_WARN__DUPLICATE_METHOD_MATCH = YES;
				"CODE_SIGN_IDENTITY[sdk=iphoneos*]" = "iPhone Developer";
				COPY_PHASE_STRIP = NO;
				DEBUG_INFORMATION_FORMAT = dwarf;
				ENABLE_STRICT_OBJC_MSGSEND = YES;
				ENABLE_TESTABILITY = YES;
				GCC_C_LANGUAGE_STANDARD = gnu99;
				GCC_DYNAMIC_NO_PIC = NO;
				GCC_NO_COMMON_BLOCKS = YES;
				GCC_OPTIMIZATION_LEVEL = 0;
				GCC_PREPROCESSOR_DEFINITIONS = (
					"DEBUG=1",
					"$(inherited)",
				);
				GCC_WARN_64_TO_32_BIT_CONVERSION = YES;
				GCC_WARN_ABOUT_RETURN_TYPE = YES_ERROR;
				GCC_WARN_UNDECLARED_SELECTOR = YES;
				GCC_WARN_UNINITIALIZED_AUTOS = YES_AGGRESSIVE;
				GCC_WARN_UNUSED_FUNCTION = YES;
				GCC_WARN_UNUSED_VARIABLE = YES;
				IPHONEOS_DEPLOYMENT_TARGET = 10.0;
				MTL_ENABLE_DEBUG_INFO = YES;
				ONLY_ACTIVE_ARCH = YES;
				SDKROOT = iphoneos;
				SWIFT_ACTIVE_COMPILATION_CONDITIONS = DEBUG;
				SWIFT_OPTIMIZATION_LEVEL = "-Onone";
			};
			name = Debug;
		};
		DD748C8E1D909A1200434880 /* Release */ = {
			isa = XCBuildConfiguration;
			buildSettings = {
				ALWAYS_SEARCH_USER_PATHS = NO;
				CLANG_ANALYZER_NONNULL = YES;
				CLANG_CXX_LANGUAGE_STANDARD = "gnu++0x";
				CLANG_CXX_LIBRARY = "libc++";
				CLANG_ENABLE_MODULES = YES;
				CLANG_ENABLE_OBJC_ARC = YES;
				CLANG_WARN_BOOL_CONVERSION = YES;
				CLANG_WARN_CONSTANT_CONVERSION = YES;
				CLANG_WARN_DIRECT_OBJC_ISA_USAGE = YES_ERROR;
				CLANG_WARN_DOCUMENTATION_COMMENTS = YES;
				CLANG_WARN_EMPTY_BODY = YES;
				CLANG_WARN_ENUM_CONVERSION = YES;
				CLANG_WARN_INFINITE_RECURSION = YES;
				CLANG_WARN_INT_CONVERSION = YES;
				CLANG_WARN_OBJC_ROOT_CLASS = YES_ERROR;
				CLANG_WARN_SUSPICIOUS_MOVES = YES;
				CLANG_WARN_UNREACHABLE_CODE = YES;
				CLANG_WARN__DUPLICATE_METHOD_MATCH = YES;
				"CODE_SIGN_IDENTITY[sdk=iphoneos*]" = "iPhone Developer";
				COPY_PHASE_STRIP = NO;
				DEBUG_INFORMATION_FORMAT = "dwarf-with-dsym";
				ENABLE_NS_ASSERTIONS = NO;
				ENABLE_STRICT_OBJC_MSGSEND = YES;
				GCC_C_LANGUAGE_STANDARD = gnu99;
				GCC_NO_COMMON_BLOCKS = YES;
				GCC_WARN_64_TO_32_BIT_CONVERSION = YES;
				GCC_WARN_ABOUT_RETURN_TYPE = YES_ERROR;
				GCC_WARN_UNDECLARED_SELECTOR = YES;
				GCC_WARN_UNINITIALIZED_AUTOS = YES_AGGRESSIVE;
				GCC_WARN_UNUSED_FUNCTION = YES;
				GCC_WARN_UNUSED_VARIABLE = YES;
				IPHONEOS_DEPLOYMENT_TARGET = 10.0;
				MTL_ENABLE_DEBUG_INFO = NO;
				SDKROOT = iphoneos;
				SWIFT_OPTIMIZATION_LEVEL = "-Owholemodule";
				VALIDATE_PRODUCT = YES;
			};
			name = Release;
		};
		DD748C901D909A1200434880 /* Debug */ = {
			isa = XCBuildConfiguration;
			buildSettings = {
				ASSETCATALOG_COMPILER_APPICON_NAME = AppIcon;
				INFOPLIST_FILE = "Social-Labs/Info.plist";
				LD_RUNPATH_SEARCH_PATHS = "$(inherited) @executable_path/Frameworks";
				PRODUCT_BUNDLE_IDENTIFIER = "com.KikrLabs.Social-Labs";
				PRODUCT_NAME = "$(TARGET_NAME)";
				SWIFT_VERSION = 3.0;
			};
			name = Debug;
		};
		DD748C911D909A1200434880 /* Release */ = {
			isa = XCBuildConfiguration;
			buildSettings = {
				ASSETCATALOG_COMPILER_APPICON_NAME = AppIcon;
				INFOPLIST_FILE = "Social-Labs/Info.plist";
				LD_RUNPATH_SEARCH_PATHS = "$(inherited) @executable_path/Frameworks";
				PRODUCT_BUNDLE_IDENTIFIER = "com.KikrLabs.Social-Labs";
				PRODUCT_NAME = "$(TARGET_NAME)";
				SWIFT_VERSION = 3.0;
			};
			name = Release;
		};
/* End XCBuildConfiguration section */

/* Begin XCConfigurationList section */
		DD748C781D909A1100434880 /* Build configuration list for PBXProject "Social-Labs" */ = {
			isa = XCConfigurationList;
			buildConfigurations = (
				DD748C8D1D909A1200434880 /* Debug */,
				DD748C8E1D909A1200434880 /* Release */,
			);
			defaultConfigurationIsVisible = 0;
			defaultConfigurationName = Release;
		};
		DD748C8F1D909A1200434880 /* Build configuration list for PBXNativeTarget "Social-Labs" */ = {
			isa = XCConfigurationList;
			buildConfigurations = (
				DD748C901D909A1200434880 /* Debug */,
				DD748C911D909A1200434880 /* Release */,
			);
			defaultConfigurationIsVisible = 0;
		};
/* End XCConfigurationList section */
	};
	rootObject = DD748C751D909A1100434880 /* Project object */;
}
